
Microsoft Visual Studio Solution File, Format Version 12.00
# Visual Studio Version 17
VisualStudioVersion = 17.0.31903.59
MinimumVisualStudioVersion = 10.0.40219.1
Project("{FAE04EC0-301F-11D3-BF4B-00C04F79EFBC}") = "MinhasFinancas.UnitTests", "MinhasFinancas.UnitTests\MinhasFinancas.UnitTests.csproj", "{A6D904AA-EAE3-4454-A720-1440B188B029}"
EndProject
Project("{FAE04EC0-301F-11D3-BF4B-00C04F79EFBC}") = "MinhasFinancas.IntegrationTests", "MinhasFinancas.IntegrationTests\MinhasFinancas.IntegrationTests.csproj", "{E93C423D-6391-4FCF-9FB9-90F491669489}"
EndProject
Global
	GlobalSection(SolutionConfigurationPlatforms) = preSolution
		Debug|Any CPU = Debug|Any CPU
		Release|Any CPU = Release|Any CPU
	EndGlobalSection
	GlobalSection(SolutionProperties) = preSolution
		HideSolutionNode = FALSE
	EndGlobalSection
	GlobalSection(ProjectConfigurationPlatforms) = postSolution
		{A6D904AA-EAE3-4454-A720-1440B188B029}.Debug|Any CPU.ActiveCfg = Debug|Any CPU
		{A6D904AA-EAE3-4454-A720-1440B188B029}.Debug|Any CPU.Build.0 = Debug|Any CPU
		{A6D904AA-EAE3-4454-A720-1440B188B029}.Release|Any CPU.ActiveCfg = Release|Any CPU
		{A6D904AA-EAE3-4454-A720-1440B188B029}.Release|Any CPU.Build.0 = Release|Any CPU
		{E93C423D-6391-4FCF-9FB9-90F491669489}.Debug|Any CPU.ActiveCfg = Debug|Any CPU
		{E93C423D-6391-4FCF-9FB9-90F491669489}.Debug|Any CPU.Build.0 = Debug|Any CPU
		{E93C423D-6391-4FCF-9FB9-90F491669489}.Release|Any CPU.ActiveCfg = Release|Any CPU
		{E93C423D-6391-4FCF-9FB9-90F491669489}.Release|Any CPU.Build.0 = Release|Any CPU
	EndGlobalSection
EndGlobal
